{
  "version": 4,
  "terraform_version": "1.1.9",
  "serial": 155,
  "lineage": "e616a818-75f7-5b2f-402b-9aad0307dcca",
  "outputs": {
    "image_repository_url": {
      "value": "690067217804.dkr.ecr.us-west-2.amazonaws.com/ping_server",
      "type": "string"
    },
    "pingserver_dns_name": {
      "value": "ping-server-loadlbalancer-1440738948.us-west-2.elb.amazonaws.com",
      "type": "string"
    }
  },
  "resources": [
    {
      "module": "module.terraform_aws_images_repository",
      "mode": "managed",
      "type": "aws_ecr_repository",
      "name": "ping_server",
      "provider": "provider[\"registry.terraform.io/hashicorp/aws\"]",
      "instances": [
        {
          "schema_version": 0,
          "attributes": {
            "arn": "arn:aws:ecr:us-west-2:690067217804:repository/ping_server",
            "encryption_configuration": [
              {
                "encryption_type": "AES256",
                "kms_key": ""
              }
            ],
            "id": "ping_server",
            "image_scanning_configuration": [
              {
                "scan_on_push": false
              }
            ],
            "image_tag_mutability": "MUTABLE",
            "name": "ping_server",
            "registry_id": "690067217804",
            "repository_url": "690067217804.dkr.ecr.us-west-2.amazonaws.com/ping_server",
            "tags": {},
            "tags_all": {},
            "timeouts": null
          },
          "sensitive_attributes": [],
          "private": "eyJlMmJmYjczMC1lY2FhLTExZTYtOGY4OC0zNDM2M2JjN2M0YzAiOnsiZGVsZXRlIjoxMjAwMDAwMDAwMDAwfX0="
        }
      ]
    },
    {
      "module": "module.terraform_aws_loadbalancer",
      "mode": "managed",
      "type": "aws_alb",
      "name": "ping_server_loadbalancer",
      "provider": "provider[\"registry.terraform.io/hashicorp/aws\"]",
      "instances": [
        {
          "schema_version": 0,
          "attributes": {
            "access_logs": [
              {
                "bucket": "",
                "enabled": false,
                "prefix": ""
              }
            ],
            "arn": "arn:aws:elasticloadbalancing:us-west-2:690067217804:loadbalancer/app/ping-server-loadlbalancer/fe6fcb0f611949c8",
            "arn_suffix": "app/ping-server-loadlbalancer/fe6fcb0f611949c8",
            "customer_owned_ipv4_pool": "",
            "desync_mitigation_mode": "defensive",
            "dns_name": "ping-server-loadlbalancer-1440738948.us-west-2.elb.amazonaws.com",
            "drop_invalid_header_fields": false,
            "enable_cross_zone_load_balancing": null,
            "enable_deletion_protection": false,
            "enable_http2": true,
            "enable_waf_fail_open": false,
            "id": "arn:aws:elasticloadbalancing:us-west-2:690067217804:loadbalancer/app/ping-server-loadlbalancer/fe6fcb0f611949c8",
            "idle_timeout": 60,
            "internal": false,
            "ip_address_type": "ipv4",
            "load_balancer_type": "application",
            "name": "ping-server-loadlbalancer",
            "name_prefix": null,
            "security_groups": [
              "sg-085c53d5aa4c60553"
            ],
            "subnet_mapping": [
              {
                "allocation_id": "",
                "ipv6_address": "",
                "outpost_id": "",
                "private_ipv4_address": "",
                "subnet_id": "subnet-0a36393a98e83aa8a"
              },
              {
                "allocation_id": "",
                "ipv6_address": "",
                "outpost_id": "",
                "private_ipv4_address": "",
                "subnet_id": "subnet-0b67add9d1dba9844"
              }
            ],
            "subnets": [
              "subnet-0a36393a98e83aa8a",
              "subnet-0b67add9d1dba9844"
            ],
            "tags": {},
            "tags_all": {},
            "timeouts": null,
            "vpc_id": "vpc-09fe41d92ca07a0af",
            "zone_id": "Z1H1FL5HABSF5"
          },
          "sensitive_attributes": [],
          "private": "eyJlMmJmYjczMC1lY2FhLTExZTYtOGY4OC0zNDM2M2JjN2M0YzAiOnsiY3JlYXRlIjo2MDAwMDAwMDAwMDAsImRlbGV0ZSI6NjAwMDAwMDAwMDAwLCJ1cGRhdGUiOjYwMDAwMDAwMDAwMH19",
          "dependencies": [
            "module.terraform_aws_loadbalancer.aws_security_group.loadbalancer",
            "module.terraform_aws_network.aws_subnet.pub_subnet1",
            "module.terraform_aws_network.aws_subnet.pub_subnet2",
            "module.terraform_aws_network.aws_vpc.main"
          ]
        }
      ]
    },
    {
      "module": "module.terraform_aws_loadbalancer",
      "mode": "managed",
      "type": "aws_alb_listener",
      "name": "default",
      "provider": "provider[\"registry.terraform.io/hashicorp/aws\"]",
      "instances": [
        {
          "schema_version": 0,
          "attributes": {
            "alpn_policy": null,
            "arn": "arn:aws:elasticloadbalancing:us-west-2:690067217804:listener/app/ping-server-loadlbalancer/fe6fcb0f611949c8/4145ed1a1677e395",
            "certificate_arn": null,
            "default_action": [
              {
                "authenticate_cognito": [],
                "authenticate_oidc": [],
                "fixed_response": [],
                "forward": [],
                "order": 1,
                "redirect": [],
                "target_group_arn": "arn:aws:elasticloadbalancing:us-west-2:690067217804:targetgroup/alb-target-group/fb90653cbe053dca",
                "type": "forward"
              }
            ],
            "id": "arn:aws:elasticloadbalancing:us-west-2:690067217804:listener/app/ping-server-loadlbalancer/fe6fcb0f611949c8/4145ed1a1677e395",
            "load_balancer_arn": "arn:aws:elasticloadbalancing:us-west-2:690067217804:loadbalancer/app/ping-server-loadlbalancer/fe6fcb0f611949c8",
            "port": 80,
            "protocol": "HTTP",
            "ssl_policy": "",
            "tags": {},
            "tags_all": {},
            "timeouts": null
          },
          "sensitive_attributes": [],
          "private": "eyJlMmJmYjczMC1lY2FhLTExZTYtOGY4OC0zNDM2M2JjN2M0YzAiOnsicmVhZCI6NjAwMDAwMDAwMDAwfX0=",
          "dependencies": [
            "module.terraform_aws_loadbalancer.aws_alb.ping_server_loadbalancer",
            "module.terraform_aws_loadbalancer.aws_alb_target_group.default",
            "module.terraform_aws_loadbalancer.aws_security_group.loadbalancer",
            "module.terraform_aws_network.aws_subnet.pub_subnet1",
            "module.terraform_aws_network.aws_subnet.pub_subnet2",
            "module.terraform_aws_network.aws_vpc.main"
          ]
        }
      ]
    },
    {
      "module": "module.terraform_aws_loadbalancer",
      "mode": "managed",
      "type": "aws_alb_target_group",
      "name": "default",
      "provider": "provider[\"registry.terraform.io/hashicorp/aws\"]",
      "instances": [
        {
          "schema_version": 0,
          "attributes": {
            "arn": "arn:aws:elasticloadbalancing:us-west-2:690067217804:targetgroup/alb-target-group/fb90653cbe053dca",
            "arn_suffix": "targetgroup/alb-target-group/fb90653cbe053dca",
            "connection_termination": false,
            "deregistration_delay": "300",
            "health_check": [
              {
                "enabled": true,
                "healthy_threshold": 3,
                "interval": 30,
                "matcher": "200",
                "path": "/",
                "port": "traffic-port",
                "protocol": "HTTP",
                "timeout": 5,
                "unhealthy_threshold": 3
              }
            ],
            "id": "arn:aws:elasticloadbalancing:us-west-2:690067217804:targetgroup/alb-target-group/fb90653cbe053dca",
            "lambda_multi_value_headers_enabled": false,
            "load_balancing_algorithm_type": "round_robin",
            "name": "alb-target-group",
            "name_prefix": null,
            "port": 80,
            "preserve_client_ip": null,
            "protocol": "HTTP",
            "protocol_version": "HTTP1",
            "proxy_protocol_v2": false,
            "slow_start": 0,
            "stickiness": [
              {
                "cookie_duration": 86400,
                "cookie_name": "",
                "enabled": true,
                "type": "lb_cookie"
              }
            ],
            "tags": {},
            "tags_all": {},
            "target_type": "instance",
            "vpc_id": "vpc-09fe41d92ca07a0af"
          },
          "sensitive_attributes": [],
          "private": "bnVsbA==",
          "dependencies": [
            "module.terraform_aws_network.aws_vpc.main"
          ]
        }
      ]
    },
    {
      "module": "module.terraform_aws_loadbalancer",
      "mode": "managed",
      "type": "aws_security_group",
      "name": "loadbalancer",
      "provider": "provider[\"registry.terraform.io/hashicorp/aws\"]",
      "instances": [
        {
          "schema_version": 1,
          "attributes": {
            "arn": "arn:aws:ec2:us-west-2:690067217804:security-group/sg-085c53d5aa4c60553",
            "description": "security_group_alb",
            "egress": [
              {
                "cidr_blocks": [
                  "0.0.0.0/0"
                ],
                "description": "",
                "from_port": 0,
                "ipv6_cidr_blocks": [],
                "prefix_list_ids": [],
                "protocol": "-1",
                "security_groups": [],
                "self": false,
                "to_port": 0
              }
            ],
            "id": "sg-085c53d5aa4c60553",
            "ingress": [
              {
                "cidr_blocks": [
                  "0.0.0.0/0"
                ],
                "description": "",
                "from_port": 80,
                "ipv6_cidr_blocks": [],
                "prefix_list_ids": [],
                "protocol": "tcp",
                "security_groups": [],
                "self": false,
                "to_port": 80
              }
            ],
            "name": "security_group_alb",
            "name_prefix": "",
            "owner_id": "690067217804",
            "revoke_rules_on_delete": false,
            "tags": {
              "Env": "production",
              "Name": "security-group--alb"
            },
            "tags_all": {
              "Env": "production",
              "Name": "security-group--alb"
            },
            "timeouts": null,
            "vpc_id": "vpc-09fe41d92ca07a0af"
          },
          "sensitive_attributes": [],
          "private": "eyJlMmJmYjczMC1lY2FhLTExZTYtOGY4OC0zNDM2M2JjN2M0YzAiOnsiY3JlYXRlIjo2MDAwMDAwMDAwMDAsImRlbGV0ZSI6OTAwMDAwMDAwMDAwfSwic2NoZW1hX3ZlcnNpb24iOiIxIn0=",
          "dependencies": [
            "module.terraform_aws_network.aws_vpc.main"
          ]
        }
      ]
    },
    {
      "module": "module.terraform_aws_network",
      "mode": "managed",
      "type": "aws_internet_gateway",
      "name": "external_gateway",
      "provider": "provider[\"registry.terraform.io/hashicorp/aws\"]",
      "instances": [
        {
          "schema_version": 0,
          "attributes": {
            "arn": "arn:aws:ec2:us-west-2:690067217804:internet-gateway/igw-01e6b737300db0817",
            "id": "igw-01e6b737300db0817",
            "owner_id": "690067217804",
            "tags": {},
            "tags_all": {},
            "vpc_id": "vpc-09fe41d92ca07a0af"
          },
          "sensitive_attributes": [],
          "private": "bnVsbA==",
          "dependencies": [
            "module.terraform_aws_network.aws_vpc.main"
          ]
        }
      ]
    },
    {
      "module": "module.terraform_aws_network",
      "mode": "managed",
      "type": "aws_route_table",
      "name": "external_route",
      "provider": "provider[\"registry.terraform.io/hashicorp/aws\"]",
      "instances": [
        {
          "schema_version": 0,
          "attributes": {
            "arn": "arn:aws:ec2:us-west-2:690067217804:route-table/rtb-0957ec9e0c306d9b3",
            "id": "rtb-0957ec9e0c306d9b3",
            "owner_id": "690067217804",
            "propagating_vgws": [],
            "route": [
              {
                "carrier_gateway_id": "",
                "cidr_block": "0.0.0.0/0",
                "core_network_arn": "",
                "destination_prefix_list_id": "",
                "egress_only_gateway_id": "",
                "gateway_id": "igw-01e6b737300db0817",
                "instance_id": "",
                "ipv6_cidr_block": "",
                "local_gateway_id": "",
                "nat_gateway_id": "",
                "network_interface_id": "",
                "transit_gateway_id": "",
                "vpc_endpoint_id": "",
                "vpc_peering_connection_id": ""
              }
            ],
            "tags": {},
            "tags_all": {},
            "timeouts": null,
            "vpc_id": "vpc-09fe41d92ca07a0af"
          },
          "sensitive_attributes": [],
          "private": "eyJlMmJmYjczMC1lY2FhLTExZTYtOGY4OC0zNDM2M2JjN2M0YzAiOnsiY3JlYXRlIjozMDAwMDAwMDAwMDAsImRlbGV0ZSI6MzAwMDAwMDAwMDAwLCJ1cGRhdGUiOjEyMDAwMDAwMDAwMH19",
          "dependencies": [
            "module.terraform_aws_network.aws_internet_gateway.external_gateway",
            "module.terraform_aws_network.aws_vpc.main"
          ]
        }
      ]
    },
    {
      "module": "module.terraform_aws_network",
      "mode": "managed",
      "type": "aws_route_table_association",
      "name": "pub_subnet1",
      "provider": "provider[\"registry.terraform.io/hashicorp/aws\"]",
      "instances": [
        {
          "schema_version": 0,
          "attributes": {
            "gateway_id": "",
            "id": "rtbassoc-03994d44d0fb2a6f9",
            "route_table_id": "rtb-0957ec9e0c306d9b3",
            "subnet_id": "subnet-0a36393a98e83aa8a"
          },
          "sensitive_attributes": [],
          "private": "bnVsbA==",
          "dependencies": [
            "module.terraform_aws_network.aws_internet_gateway.external_gateway",
            "module.terraform_aws_network.aws_route_table.external_route",
            "module.terraform_aws_network.aws_subnet.pub_subnet1",
            "module.terraform_aws_network.aws_vpc.main"
          ]
        }
      ]
    },
    {
      "module": "module.terraform_aws_network",
      "mode": "managed",
      "type": "aws_route_table_association",
      "name": "pub_subnet2",
      "provider": "provider[\"registry.terraform.io/hashicorp/aws\"]",
      "instances": [
        {
          "schema_version": 0,
          "attributes": {
            "gateway_id": "",
            "id": "rtbassoc-0f6a3c6a9aafea631",
            "route_table_id": "rtb-0957ec9e0c306d9b3",
            "subnet_id": "subnet-0b67add9d1dba9844"
          },
          "sensitive_attributes": [],
          "private": "bnVsbA==",
          "dependencies": [
            "module.terraform_aws_network.aws_internet_gateway.external_gateway",
            "module.terraform_aws_network.aws_route_table.external_route",
            "module.terraform_aws_network.aws_subnet.pub_subnet2",
            "module.terraform_aws_network.aws_vpc.main"
          ]
        }
      ]
    },
    {
      "module": "module.terraform_aws_network",
      "mode": "managed",
      "type": "aws_subnet",
      "name": "pub_subnet1",
      "provider": "provider[\"registry.terraform.io/hashicorp/aws\"]",
      "instances": [
        {
          "schema_version": 1,
          "attributes": {
            "arn": "arn:aws:ec2:us-west-2:690067217804:subnet/subnet-0a36393a98e83aa8a",
            "assign_ipv6_address_on_creation": false,
            "availability_zone": "us-west-2a",
            "availability_zone_id": "usw2-az2",
            "cidr_block": "10.0.0.0/22",
            "customer_owned_ipv4_pool": "",
            "enable_dns64": false,
            "enable_resource_name_dns_a_record_on_launch": false,
            "enable_resource_name_dns_aaaa_record_on_launch": false,
            "id": "subnet-0a36393a98e83aa8a",
            "ipv6_cidr_block": "",
            "ipv6_cidr_block_association_id": "",
            "ipv6_native": false,
            "map_customer_owned_ip_on_launch": false,
            "map_public_ip_on_launch": false,
            "outpost_arn": "",
            "owner_id": "690067217804",
            "private_dns_hostname_type_on_launch": "ip-name",
            "tags": {},
            "tags_all": {},
            "timeouts": null,
            "vpc_id": "vpc-09fe41d92ca07a0af"
          },
          "sensitive_attributes": [],
          "private": "eyJlMmJmYjczMC1lY2FhLTExZTYtOGY4OC0zNDM2M2JjN2M0YzAiOnsiY3JlYXRlIjo2MDAwMDAwMDAwMDAsImRlbGV0ZSI6MTIwMDAwMDAwMDAwMH0sInNjaGVtYV92ZXJzaW9uIjoiMSJ9",
          "dependencies": [
            "module.terraform_aws_network.aws_vpc.main"
          ]
        }
      ]
    },
    {
      "module": "module.terraform_aws_network",
      "mode": "managed",
      "type": "aws_subnet",
      "name": "pub_subnet2",
      "provider": "provider[\"registry.terraform.io/hashicorp/aws\"]",
      "instances": [
        {
          "schema_version": 1,
          "attributes": {
            "arn": "arn:aws:ec2:us-west-2:690067217804:subnet/subnet-0b67add9d1dba9844",
            "assign_ipv6_address_on_creation": false,
            "availability_zone": "us-west-2b",
            "availability_zone_id": "usw2-az1",
            "cidr_block": "10.0.4.0/22",
            "customer_owned_ipv4_pool": "",
            "enable_dns64": false,
            "enable_resource_name_dns_a_record_on_launch": false,
            "enable_resource_name_dns_aaaa_record_on_launch": false,
            "id": "subnet-0b67add9d1dba9844",
            "ipv6_cidr_block": "",
            "ipv6_cidr_block_association_id": "",
            "ipv6_native": false,
            "map_customer_owned_ip_on_launch": false,
            "map_public_ip_on_launch": false,
            "outpost_arn": "",
            "owner_id": "690067217804",
            "private_dns_hostname_type_on_launch": "ip-name",
            "tags": {},
            "tags_all": {},
            "timeouts": null,
            "vpc_id": "vpc-09fe41d92ca07a0af"
          },
          "sensitive_attributes": [],
          "private": "eyJlMmJmYjczMC1lY2FhLTExZTYtOGY4OC0zNDM2M2JjN2M0YzAiOnsiY3JlYXRlIjo2MDAwMDAwMDAwMDAsImRlbGV0ZSI6MTIwMDAwMDAwMDAwMH0sInNjaGVtYV92ZXJzaW9uIjoiMSJ9",
          "dependencies": [
            "module.terraform_aws_network.aws_vpc.main"
          ]
        }
      ]
    },
    {
      "module": "module.terraform_aws_network",
      "mode": "managed",
      "type": "aws_vpc",
      "name": "main",
      "provider": "provider[\"registry.terraform.io/hashicorp/aws\"]",
      "instances": [
        {
          "schema_version": 1,
          "attributes": {
            "arn": "arn:aws:ec2:us-west-2:690067217804:vpc/vpc-09fe41d92ca07a0af",
            "assign_generated_ipv6_cidr_block": false,
            "cidr_block": "10.0.0.0/20",
            "default_network_acl_id": "acl-0b5ddf16d9b2fbcf9",
            "default_route_table_id": "rtb-0d169aa2d08275f4f",
            "default_security_group_id": "sg-0fab85e5380e13a6d",
            "dhcp_options_id": "dopt-164c796e",
            "enable_classiclink": false,
            "enable_classiclink_dns_support": false,
            "enable_dns_hostnames": true,
            "enable_dns_support": true,
            "id": "vpc-09fe41d92ca07a0af",
            "instance_tenancy": "default",
            "ipv4_ipam_pool_id": null,
            "ipv4_netmask_length": null,
            "ipv6_association_id": "",
            "ipv6_cidr_block": "",
            "ipv6_cidr_block_network_border_group": "",
            "ipv6_ipam_pool_id": "",
            "ipv6_netmask_length": 0,
            "main_route_table_id": "rtb-0d169aa2d08275f4f",
            "owner_id": "690067217804",
            "tags": {},
            "tags_all": {}
          },
          "sensitive_attributes": [],
          "private": "eyJzY2hlbWFfdmVyc2lvbiI6IjEifQ=="
        }
      ]
    },
    {
      "module": "module.terraform_aws_service",
      "mode": "data",
      "type": "aws_ami",
      "name": "default",
      "provider": "provider[\"registry.terraform.io/hashicorp/aws\"]",
      "instances": [
        {
          "schema_version": 0,
          "attributes": {
            "architecture": "x86_64",
            "arn": "arn:aws:ec2:us-west-2::image/ami-0e0e34cdb5fd714fc",
            "block_device_mappings": [
              {
                "device_name": "/dev/xvda",
                "ebs": {
                  "delete_on_termination": "true",
                  "encrypted": "false",
                  "iops": "0",
                  "snapshot_id": "snap-0a8974db3814e679e",
                  "throughput": "0",
                  "volume_size": "30",
                  "volume_type": "gp2"
                },
                "no_device": "",
                "virtual_name": ""
              }
            ],
            "boot_mode": "",
            "creation_date": "2022-04-20T18:59:59.000Z",
            "deprecation_time": "2024-04-20T18:59:59.000Z",
            "description": "Amazon Linux AMI 2.0.20220421 x86_64 ECS HVM GP2",
            "ena_support": true,
            "executable_users": null,
            "filter": [
              {
                "name": "name",
                "values": [
                  "amzn2-ami-ecs-hvm-2.0.202*-x86_64-ebs"
                ]
              }
            ],
            "hypervisor": "xen",
            "id": "ami-0e0e34cdb5fd714fc",
            "image_id": "ami-0e0e34cdb5fd714fc",
            "image_location": "amazon/amzn2-ami-ecs-hvm-2.0.20220421-x86_64-ebs",
            "image_owner_alias": "amazon",
            "image_type": "machine",
            "kernel_id": "",
            "most_recent": true,
            "name": "amzn2-ami-ecs-hvm-2.0.20220421-x86_64-ebs",
            "name_regex": null,
            "owner_id": "591542846629",
            "owners": [
              "amazon"
            ],
            "platform": "",
            "platform_details": "Linux/UNIX",
            "product_codes": [],
            "public": true,
            "ramdisk_id": "",
            "root_device_name": "/dev/xvda",
            "root_device_type": "ebs",
            "root_snapshot_id": "snap-0a8974db3814e679e",
            "sriov_net_support": "simple",
            "state": "available",
            "state_reason": {
              "code": "UNSET",
              "message": "UNSET"
            },
            "tags": {},
            "usage_operation": "RunInstances",
            "virtualization_type": "hvm"
          },
          "sensitive_attributes": []
        }
      ]
    },
    {
      "module": "module.terraform_aws_service",
      "mode": "data",
      "type": "aws_iam_policy_document",
      "name": "ecs_agent",
      "provider": "provider[\"registry.terraform.io/hashicorp/aws\"]",
      "instances": [
        {
          "schema_version": 0,
          "attributes": {
            "id": "1903849331",
            "json": "{\n  \"Version\": \"2012-10-17\",\n  \"Statement\": [\n    {\n      \"Sid\": \"\",\n      \"Effect\": \"Allow\",\n      \"Action\": \"sts:AssumeRole\",\n      \"Principal\": {\n        \"Service\": \"ec2.amazonaws.com\"\n      }\n    }\n  ]\n}",
            "override_json": null,
            "override_policy_documents": null,
            "policy_id": null,
            "source_json": null,
            "source_policy_documents": null,
            "statement": [
              {
                "actions": [
                  "sts:AssumeRole"
                ],
                "condition": [],
                "effect": "Allow",
                "not_actions": [],
                "not_principals": [],
                "not_resources": [],
                "principals": [
                  {
                    "identifiers": [
                      "ec2.amazonaws.com"
                    ],
                    "type": "Service"
                  }
                ],
                "resources": [],
                "sid": ""
              }
            ],
            "version": "2012-10-17"
          },
          "sensitive_attributes": []
        }
      ]
    },
    {
      "module": "module.terraform_aws_service",
      "mode": "data",
      "type": "template_file",
      "name": "ping_server_task_definition",
      "provider": "provider[\"registry.terraform.io/hashicorp/template\"]",
      "instances": [
        {
          "schema_version": 0,
          "attributes": {
            "filename": null,
            "id": "77a600aace52f9cb2606bfa1bfc6fdb5ef7ee173d09b36c2a6658367999f21c0",
            "rendered": "[\n  {\n    \"essential\": true,\n      \"memory\": 512,\n      \"name\": \"ping_server\",\n      \"cpu\": 1,\n      \"image\": \"690067217804.dkr.ecr.us-west-2.amazonaws.com/ping_server:latest\",\n      \"environment\": [],\n      \"portMappings\": [\n        { \"containerPort\": 4567, \"protocol\": \"tcp\" }\n      ]\n  }\n]\n",
            "template": "[\n  {\n    \"essential\": true,\n      \"memory\": 512,\n      \"name\": \"ping_server\",\n      \"cpu\": 1,\n      \"image\": \"${REPOSITORY_URL}:latest\",\n      \"environment\": [],\n      \"portMappings\": [\n        { \"containerPort\": 4567, \"protocol\": \"tcp\" }\n      ]\n  }\n]\n",
            "vars": {
              "REPOSITORY_URL": "690067217804.dkr.ecr.us-west-2.amazonaws.com/ping_server"
            }
          },
          "sensitive_attributes": []
        }
      ]
    },
    {
      "module": "module.terraform_aws_service",
      "mode": "managed",
      "type": "aws_autoscaling_group",
      "name": "failure_analysis_ecs_asg",
      "provider": "provider[\"registry.terraform.io/hashicorp/aws\"]",
      "instances": [
        {
          "schema_version": 0,
          "attributes": {
            "arn": "arn:aws:autoscaling:us-west-2:690067217804:autoScalingGroup:6b562591-4995-4177-baa4-de322e047ae7:autoScalingGroupName/asg",
            "availability_zones": [
              "us-west-2a",
              "us-west-2b"
            ],
            "capacity_rebalance": false,
            "default_cooldown": 300,
            "desired_capacity": 2,
            "enabled_metrics": [],
            "force_delete": false,
            "force_delete_warm_pool": false,
            "health_check_grace_period": 300,
            "health_check_type": "EC2",
            "id": "asg",
            "initial_lifecycle_hook": [],
            "instance_refresh": [],
            "launch_configuration": "terraform-20220509122923638000000004",
            "launch_template": [],
            "load_balancers": [],
            "max_instance_lifetime": 0,
            "max_size": 10,
            "metrics_granularity": "1Minute",
            "min_elb_capacity": null,
            "min_size": 1,
            "mixed_instances_policy": [],
            "name": "asg",
            "name_prefix": "",
            "placement_group": "",
            "protect_from_scale_in": false,
            "service_linked_role_arn": "arn:aws:iam::690067217804:role/aws-service-role/autoscaling.amazonaws.com/AWSServiceRoleForAutoScaling",
            "suspended_processes": [],
            "tag": [],
            "tags": null,
            "target_group_arns": [],
            "termination_policies": [],
            "timeouts": null,
            "vpc_zone_identifier": [
              "subnet-0a36393a98e83aa8a",
              "subnet-0b67add9d1dba9844"
            ],
            "wait_for_capacity_timeout": "10m",
            "wait_for_elb_capacity": null,
            "warm_pool": []
          },
          "sensitive_attributes": [],
          "private": "eyJlMmJmYjczMC1lY2FhLTExZTYtOGY4OC0zNDM2M2JjN2M0YzAiOnsiZGVsZXRlIjo2MDAwMDAwMDAwMDB9fQ==",
          "dependencies": [
            "module.terraform_aws_network.aws_subnet.pub_subnet1",
            "module.terraform_aws_network.aws_subnet.pub_subnet2",
            "module.terraform_aws_network.aws_vpc.main",
            "module.terraform_aws_service.aws_iam_instance_profile.ecs_agent",
            "module.terraform_aws_service.aws_iam_role.ecs_agent",
            "module.terraform_aws_service.aws_launch_configuration.ecs_launch_config",
            "module.terraform_aws_service.aws_security_group.ping_server",
            "module.terraform_aws_service.data.aws_ami.default",
            "module.terraform_aws_service.data.aws_iam_policy_document.ecs_agent"
          ]
        }
      ]
    },
    {
      "module": "module.terraform_aws_service",
      "mode": "managed",
      "type": "aws_ecs_cluster",
      "name": "ping_server_cluster",
      "provider": "provider[\"registry.terraform.io/hashicorp/aws\"]",
      "instances": [
        {
          "schema_version": 0,
          "attributes": {
            "arn": "arn:aws:ecs:us-west-2:690067217804:cluster/ping-server-cluster",
            "capacity_providers": [],
            "configuration": [],
            "default_capacity_provider_strategy": [],
            "id": "arn:aws:ecs:us-west-2:690067217804:cluster/ping-server-cluster",
            "name": "ping-server-cluster",
            "setting": [
              {
                "name": "containerInsights",
                "value": "disabled"
              }
            ],
            "tags": {},
            "tags_all": {}
          },
          "sensitive_attributes": [],
          "private": "bnVsbA=="
        }
      ]
    },
    {
      "module": "module.terraform_aws_service",
      "mode": "managed",
      "type": "aws_ecs_service",
      "name": "ping_server",
      "provider": "provider[\"registry.terraform.io/hashicorp/aws\"]",
      "instances": [
        {
          "schema_version": 0,
          "attributes": {
            "capacity_provider_strategy": [],
            "cluster": "arn:aws:ecs:us-west-2:690067217804:cluster/ping-server-cluster",
            "deployment_circuit_breaker": [
              {
                "enable": false,
                "rollback": false
              }
            ],
            "deployment_controller": [
              {
                "type": "ECS"
              }
            ],
            "deployment_maximum_percent": 200,
            "deployment_minimum_healthy_percent": 100,
            "desired_count": 1,
            "enable_ecs_managed_tags": false,
            "enable_execute_command": false,
            "force_new_deployment": null,
            "health_check_grace_period_seconds": 0,
            "iam_role": "aws-service-role",
            "id": "arn:aws:ecs:us-west-2:690067217804:service/ping-server-cluster/ping_server_service",
            "launch_type": "EC2",
            "load_balancer": [
              {
                "container_name": "ping_server",
                "container_port": 4567,
                "elb_name": "",
                "target_group_arn": "arn:aws:elasticloadbalancing:us-west-2:690067217804:targetgroup/alb-target-group/fb90653cbe053dca"
              }
            ],
            "name": "ping_server_service",
            "network_configuration": [],
            "ordered_placement_strategy": [],
            "placement_constraints": [],
            "platform_version": "",
            "propagate_tags": "NONE",
            "scheduling_strategy": "REPLICA",
            "service_registries": [],
            "tags": {},
            "tags_all": {},
            "task_definition": "arn:aws:ecs:us-west-2:690067217804:task-definition/ping_server_task:5",
            "timeouts": null,
            "wait_for_steady_state": false
          },
          "sensitive_attributes": [],
          "private": "eyJlMmJmYjczMC1lY2FhLTExZTYtOGY4OC0zNDM2M2JjN2M0YzAiOnsiZGVsZXRlIjoxMjAwMDAwMDAwMDAwfX0=",
          "dependencies": [
            "module.terraform_aws_loadbalancer.aws_alb_target_group.default",
            "module.terraform_aws_service.aws_ecs_cluster.ping_server_cluster",
            "module.terraform_aws_service.aws_ecs_task_definition.ping_server_task_definition",
            "module.terraform_aws_service.data.template_file.ping_server_task_definition"
          ]
        }
      ]
    },
    {
      "module": "module.terraform_aws_service",
      "mode": "managed",
      "type": "aws_ecs_task_definition",
      "name": "ping_server_task_definition",
      "provider": "provider[\"registry.terraform.io/hashicorp/aws\"]",
      "instances": [
        {
          "schema_version": 1,
          "attributes": {
            "arn": "arn:aws:ecs:us-west-2:690067217804:task-definition/ping_server_task:5",
            "container_definitions": "[{\"cpu\":1,\"environment\":[],\"essential\":true,\"image\":\"690067217804.dkr.ecr.us-west-2.amazonaws.com/ping_server:latest\",\"memory\":512,\"mountPoints\":[],\"name\":\"ping_server\",\"portMappings\":[{\"containerPort\":4567,\"hostPort\":0,\"protocol\":\"tcp\"}],\"volumesFrom\":[]}]",
            "cpu": "",
            "ephemeral_storage": [],
            "execution_role_arn": "",
            "family": "ping_server_task",
            "id": "ping_server_task",
            "inference_accelerator": [],
            "ipc_mode": "",
            "memory": "",
            "network_mode": "",
            "pid_mode": "",
            "placement_constraints": [],
            "proxy_configuration": [],
            "requires_compatibilities": null,
            "revision": 5,
            "runtime_platform": [],
            "skip_destroy": false,
            "tags": null,
            "tags_all": {},
            "task_role_arn": "",
            "volume": []
          },
          "sensitive_attributes": [],
          "private": "eyJzY2hlbWFfdmVyc2lvbiI6IjEifQ==",
          "dependencies": [
            "module.terraform_aws_service.data.template_file.ping_server_task_definition"
          ]
        }
      ]
    },
    {
      "module": "module.terraform_aws_service",
      "mode": "managed",
      "type": "aws_iam_instance_profile",
      "name": "ecs_agent",
      "provider": "provider[\"registry.terraform.io/hashicorp/aws\"]",
      "instances": [
        {
          "schema_version": 0,
          "attributes": {
            "arn": "arn:aws:iam::690067217804:instance-profile/ecs-agent",
            "create_date": "2022-05-09T12:29:08Z",
            "id": "ecs-agent",
            "name": "ecs-agent",
            "name_prefix": null,
            "path": "/",
            "role": "ecs-agent",
            "tags": {},
            "tags_all": {},
            "unique_id": "AIPA2BKZWDWGLMSBWDN3C"
          },
          "sensitive_attributes": [],
          "private": "bnVsbA==",
          "dependencies": [
            "module.terraform_aws_service.aws_iam_role.ecs_agent",
            "module.terraform_aws_service.data.aws_iam_policy_document.ecs_agent"
          ]
        }
      ]
    },
    {
      "module": "module.terraform_aws_service",
      "mode": "managed",
      "type": "aws_iam_role",
      "name": "ecs_agent",
      "provider": "provider[\"registry.terraform.io/hashicorp/aws\"]",
      "instances": [
        {
          "schema_version": 0,
          "attributes": {
            "arn": "arn:aws:iam::690067217804:role/ecs-agent",
            "assume_role_policy": "{\"Version\":\"2012-10-17\",\"Statement\":[{\"Sid\":\"\",\"Effect\":\"Allow\",\"Principal\":{\"Service\":\"ec2.amazonaws.com\"},\"Action\":\"sts:AssumeRole\"}]}",
            "create_date": "2022-05-09T12:29:07Z",
            "description": "",
            "force_detach_policies": false,
            "id": "ecs-agent",
            "inline_policy": [
              {
                "name": "",
                "policy": ""
              }
            ],
            "managed_policy_arns": [
              "arn:aws:iam::aws:policy/service-role/AmazonEC2ContainerServiceforEC2Role"
            ],
            "max_session_duration": 3600,
            "name": "ecs-agent",
            "name_prefix": "",
            "path": "/",
            "permissions_boundary": null,
            "tags": {},
            "tags_all": {},
            "unique_id": "AROA2BKZWDWGNUBD42HAJ"
          },
          "sensitive_attributes": [],
          "private": "bnVsbA==",
          "dependencies": [
            "module.terraform_aws_service.data.aws_iam_policy_document.ecs_agent"
          ]
        }
      ]
    },
    {
      "module": "module.terraform_aws_service",
      "mode": "managed",
      "type": "aws_iam_role_policy_attachment",
      "name": "ecs_agent",
      "provider": "provider[\"registry.terraform.io/hashicorp/aws\"]",
      "instances": [
        {
          "schema_version": 0,
          "attributes": {
            "id": "ecs-agent-20220509122908415100000001",
            "policy_arn": "arn:aws:iam::aws:policy/service-role/AmazonEC2ContainerServiceforEC2Role",
            "role": "ecs-agent"
          },
          "sensitive_attributes": [],
          "private": "bnVsbA==",
          "dependencies": [
            "module.terraform_aws_service.aws_iam_role.ecs_agent",
            "module.terraform_aws_service.data.aws_iam_policy_document.ecs_agent"
          ]
        }
      ]
    },
    {
      "module": "module.terraform_aws_service",
      "mode": "managed",
      "type": "aws_launch_configuration",
      "name": "ecs_launch_config",
      "provider": "provider[\"registry.terraform.io/hashicorp/aws\"]",
      "instances": [
        {
          "schema_version": 0,
          "attributes": {
            "arn": "arn:aws:autoscaling:us-west-2:690067217804:launchConfiguration:e7427dd5-d8ae-46fe-8ad4-017ed38ccb11:launchConfigurationName/terraform-20220509122923638000000004",
            "associate_public_ip_address": false,
            "ebs_block_device": [],
            "ebs_optimized": false,
            "enable_monitoring": true,
            "ephemeral_block_device": [],
            "iam_instance_profile": "ecs-agent",
            "id": "terraform-20220509122923638000000004",
            "image_id": "ami-0e0e34cdb5fd714fc",
            "instance_type": "t2.micro",
            "key_name": "",
            "metadata_options": [],
            "name": "terraform-20220509122923638000000004",
            "name_prefix": "terraform-",
            "placement_tenancy": null,
            "root_block_device": [],
            "security_groups": [
              "sg-0d9bd265eab754361"
            ],
            "spot_price": "",
            "user_data": "bdb1f81aad6e1e3c5c7fce7a79df8628d624636f",
            "user_data_base64": null,
            "vpc_classic_link_id": "",
            "vpc_classic_link_security_groups": []
          },
          "sensitive_attributes": [],
          "private": "bnVsbA==",
          "dependencies": [
            "module.terraform_aws_network.aws_vpc.main",
            "module.terraform_aws_service.aws_iam_instance_profile.ecs_agent",
            "module.terraform_aws_service.aws_iam_role.ecs_agent",
            "module.terraform_aws_service.aws_security_group.ping_server",
            "module.terraform_aws_service.data.aws_ami.default",
            "module.terraform_aws_service.data.aws_iam_policy_document.ecs_agent"
          ]
        }
      ]
    },
    {
      "module": "module.terraform_aws_service",
      "mode": "managed",
      "type": "aws_security_group",
      "name": "ping_server",
      "provider": "provider[\"registry.terraform.io/hashicorp/aws\"]",
      "instances": [
        {
          "schema_version": 1,
          "attributes": {
            "arn": "arn:aws:ec2:us-west-2:690067217804:security-group/sg-0d9bd265eab754361",
            "description": "Managed by Terraform",
            "egress": [
              {
                "cidr_blocks": [
                  "0.0.0.0/0"
                ],
                "description": "",
                "from_port": 0,
                "ipv6_cidr_blocks": [],
                "prefix_list_ids": [],
                "protocol": "tcp",
                "security_groups": [],
                "self": false,
                "to_port": 65535
              }
            ],
            "id": "sg-0d9bd265eab754361",
            "ingress": [
              {
                "cidr_blocks": [
                  "0.0.0.0/0"
                ],
                "description": "",
                "from_port": 22,
                "ipv6_cidr_blocks": [],
                "prefix_list_ids": [],
                "protocol": "tcp",
                "security_groups": [],
                "self": false,
                "to_port": 22
              },
              {
                "cidr_blocks": [
                  "0.0.0.0/0"
                ],
                "description": "",
                "from_port": 443,
                "ipv6_cidr_blocks": [],
                "prefix_list_ids": [],
                "protocol": "tcp",
                "security_groups": [],
                "self": false,
                "to_port": 443
              },
              {
                "cidr_blocks": [
                  "0.0.0.0/0"
                ],
                "description": "",
                "from_port": 4567,
                "ipv6_cidr_blocks": [],
                "prefix_list_ids": [],
                "protocol": "tcp",
                "security_groups": [],
                "self": false,
                "to_port": 4567
              }
            ],
            "name": "terraform-20220509122919675100000002",
            "name_prefix": "terraform-",
            "owner_id": "690067217804",
            "revoke_rules_on_delete": false,
            "tags": {},
            "tags_all": {},
            "timeouts": null,
            "vpc_id": "vpc-09fe41d92ca07a0af"
          },
          "sensitive_attributes": [],
          "private": "eyJlMmJmYjczMC1lY2FhLTExZTYtOGY4OC0zNDM2M2JjN2M0YzAiOnsiY3JlYXRlIjo2MDAwMDAwMDAwMDAsImRlbGV0ZSI6OTAwMDAwMDAwMDAwfSwic2NoZW1hX3ZlcnNpb24iOiIxIn0=",
          "dependencies": [
            "module.terraform_aws_network.aws_vpc.main"
          ]
        }
      ]
    }
  ]
}
